uuid: a4b1a90e-f8da-404f-b6ea-5c80a156e4bf
langcode: en
status: true
dependencies:
  module:
    - big_pipe_demo
  theme:
    - bartik
_core:
  default_config_hash: YZsTQsMz7DfhgTtIMvpEd_Yrla9piSzQk26gtgeKQJA
id: bigpipedemoblock
theme: bartik
region: sidebar_first
weight: 100
provider: null
plugin: big_pipe_demo_block
settings:
  id: '1'
  label: 'BigPipe Demo block #1'
  provider: big_pipe_demo
  label_display: visible
  default_duration: '100'
  expose_geeky_details: true
  html: '<p>Hello world!</p>'
visibility: {  }
